# @generated by Move, please check-in and do not edit manually.

[move]
version = 2
manifest_digest = "687E237B948EF05610DE42C5418BE0E54C39AACA4BE35C13BA1C1D50E7F8F243"
deps_digest = "F8BBB0CCB2491CA29A3DF03D6F92277A4F3574266507ACD77214D37ECA3F3082"
dependencies = [
  { name = "Sui" },
]

[[move.package]]
name = "MoveStdlib"
source = { git = "https://github.com/MystenLabs/sui.git", rev = "framework/testnet", subdir = "crates\\sui-framework\\packages\\move-stdlib" }

[[move.package]]
name = "Sui"
source = { git = "https://github.com/MystenLabs/sui.git", rev = "framework/testnet", subdir = "crates/sui-framework/packages/sui-framework" }

dependencies = [
  { name = "MoveStdlib" },
]

[move.toolchain-version]
compiler-version = "1.33.2"
edition = "2024.beta"
flavor = "sui"

[env]

[env.testnet]
chain-id = "4c78adac"
original-published-id = "0x3b89d1a08bdf678ccb8f106ccce08779a29a7b96fdb9fbcab8731c662967e3ce"
latest-published-id = "0x3b89d1a08bdf678ccb8f106ccce08779a29a7b96fdb9fbcab8731c662967e3ce"
published-version = "1"
